
Microsoft Visual Studio Solution File, Format Version 12.00
# Visual Studio 2015
Project("{FAE04EC0-301F-11D3-BF4B-00C04F79EFBC}") = "TilePathGame.CSharp", "TilePathGame.CSharp.csproj", "{C75C9F8C-82E0-A8E3-F061-040D52B80AC0}"
EndProject
Project("{FAE04EC0-301F-11D3-BF4B-00C04F79EFBC}") = "MicroWarcraft", "..\MicroWarcraft\MicroWarcraft.csproj", "{9E22C342-4344-47B8-B47A-BE3488DBA3D2}"
EndProject
Global
	GlobalSection(SolutionConfigurationPlatforms) = preSolution
		Debug|Any CPU = Debug|Any CPU
		Release|Any CPU = Release|Any CPU
	EndGlobalSection
	GlobalSection(ProjectConfigurationPlatforms) = postSolution
		{C75C9F8C-82E0-A8E3-F061-040D52B80AC0}.Debug|Any CPU.ActiveCfg = Debug|Any CPU
		{C75C9F8C-82E0-A8E3-F061-040D52B80AC0}.Debug|Any CPU.Build.0 = Debug|Any CPU
		{C75C9F8C-82E0-A8E3-F061-040D52B80AC0}.Release|Any CPU.ActiveCfg = Release|Any CPU
		{C75C9F8C-82E0-A8E3-F061-040D52B80AC0}.Release|Any CPU.Build.0 = Release|Any CPU
		{9E22C342-4344-47B8-B47A-BE3488DBA3D2}.Debug|Any CPU.ActiveCfg = Debug|Any CPU
		{9E22C342-4344-47B8-B47A-BE3488DBA3D2}.Debug|Any CPU.Build.0 = Debug|Any CPU
		{9E22C342-4344-47B8-B47A-BE3488DBA3D2}.Release|Any CPU.ActiveCfg = Release|Any CPU
		{9E22C342-4344-47B8-B47A-BE3488DBA3D2}.Release|Any CPU.Build.0 = Release|Any CPU
	EndGlobalSection
	GlobalSection(SolutionProperties) = preSolution
		HideSolutionNode = FALSE
	EndGlobalSection
EndGlobal
